{
  "name": "karma-module-resolver-preprocessor",
  "version": "1.1.2",
  "lockfileVersion": 1,
  "requires": true,
  "dependencies": {
    "acorn": {
      "version": "7.1.1",
      "resolved": "https://registry.npmjs.org/acorn/-/acorn-7.1.1.tgz",
      "integrity": "sha512-add7dgA5ppRPxCFJoAGfMDi7PIBXq1RtGo7BhbLaxwrXPOmw8gq48Y9ozT01hUKy9byMjlR20EJhu5zlkErEkg=="
    },
    "acorn-jsx": {
      "version": "5.2.0",
      "resolved": "https://registry.npmjs.org/acorn-jsx/-/acorn-jsx-5.2.0.tgz",
      "integrity": "sha512-HiUX/+K2YpkpJ+SzBffkM/AQ2YE03S0U1kjTLVpoJdhZMOWy8qvXVN9JdLqv2QsaQ6MPYQIuNmwD8zOiYUofLQ=="
    },
    "eslint-visitor-keys": {
      "version": "1.1.0",
      "resolved": "https://registry.npmjs.org/eslint-visitor-keys/-/eslint-visitor-keys-1.1.0.tgz",
      "integrity": "sha512-8y9YjtM1JBJU/A9Kc+SbaOV4y29sSWckBwMHa+FGtVj5gN/sbnKDf6xJUl+8g7FAij9LVaP8C24DUiH/f/2Z9A=="
    },
    "espree": {
      "version": "6.2.0",
      "resolved": "https://registry.npmjs.org/espree/-/espree-6.2.0.tgz",
      "integrity": "sha512-Xs8airJ7RQolnDIbLtRutmfvSsAe0xqMMAantCN/GMoqf81TFbeI1T7Jpd56qYu1uuh32dOG5W/X9uO+ghPXzA==",
      "requires": {
        "acorn": "^7.1.0",
        "acorn-jsx": "^5.2.0",
        "eslint-visitor-keys": "^1.1.0"
      }
    }
  }
}
