{
  "name": "karma-module-resolver-preprocessor",
  "version": "1.1.0",
  "lockfileVersion": 1,
  "requires": true,
  "dependencies": {
    "acorn": {
      "version": "5.7.3",
      "resolved": "https://registry.npmjs.org/acorn/-/acorn-5.7.3.tgz",
      "integrity": "sha512-T/zvzYRfbVojPWahDsE5evJdHb3oJoQfFbsrKM7w5Zcs++Tr257tia3BmMP8XYVjp1S9RZXQMh7gao96BlqZOw=="
    },
    "acorn-jsx": {
      "version": "4.1.1",
      "resolved": "https://registry.npmjs.org/acorn-jsx/-/acorn-jsx-4.1.1.tgz",
      "integrity": "sha512-JY+iV6r+cO21KtntVvFkD+iqjtdpRUpGqKWgfkCdZq1R+kbreEl8EcdcJR4SmiIgsIQT33s6QzheQ9a275Q8xw==",
      "requires": {
        "acorn": "^5.0.3"
      }
    },
    "espree": {
      "version": "4.0.0",
      "resolved": "https://registry.npmjs.org/espree/-/espree-4.0.0.tgz",
      "integrity": "sha512-kapdTCt1bjmspxStVKX6huolXVV5ZfyZguY1lcfhVVZstce3bqxH9mcLzNn3/mlgW6wQ732+0fuG9v7h0ZQoKg==",
      "requires": {
        "acorn": "^5.6.0",
        "acorn-jsx": "^4.1.1"
      }
    }
  }
}
