{
  "name": "karma-module-resolver-preprocessor",
  "version": "1.1.2",
  "lockfileVersion": 1,
  "requires": true,
  "dependencies": {
    "es-module-lexer": {
      "version": "0.3.20",
      "resolved": "https://registry.npmjs.org/es-module-lexer/-/es-module-lexer-0.3.20.tgz",
      "integrity": "sha512-kfB4R9F6FJ5Bgvxyk6W/u/a9cncXEGRyaD2UxyBhrF3+ty4qLzptgStLfe0J90o/qkSiiY0+yyzMcIIPvAOjIw=="
    }
  }
}
